{
  "pins" : [
    {
      "identity" : "fisheryates",
      "kind" : "remoteSourceControl",
      "location" : "https://github.com/jinhongw/FisherYates.git",
      "state" : {
        "revision" : "5b7f32866af1ea1c8bbdc926c8aa38f1f8a53cf4",
        "version" : "1.0.1"
      }
    },
    {
      "identity" : "playingcard",
      "kind" : "remoteSourceControl",
      "location" : "https://github.com/jinhongw/PlayingCard.git",
      "state" : {
        "revision" : "e6204bf6594290a1b52e55741a15cf935c10fa4d",
        "version" : "1.0.2"
      }
    }
  ],
  "version" : 2
}
